
Microsoft Visual Studio Solution File, Format Version 12.00
# Visual Studio Version 17
VisualStudioVersion = 17.0.31912.275
MinimumVisualStudioVersion = 10.0.40219.1
Project("{FAE04EC0-301F-11D3-BF4B-00C04F79EFBC}") = "oop-contactTracingViewer", "oop-contactTracingViewer\oop-contactTracingViewer.csproj", "{AD8E5048-000C-4946-8368-815504E9EE82}"
EndProject
Global
	GlobalSection(SolutionConfigurationPlatforms) = preSolution
		Debug|Any CPU = Debug|Any CPU
		Release|Any CPU = Release|Any CPU
	EndGlobalSection
	GlobalSection(ProjectConfigurationPlatforms) = postSolution
		{AD8E5048-000C-4946-8368-815504E9EE82}.Debug|Any CPU.ActiveCfg = Debug|Any CPU
		{AD8E5048-000C-4946-8368-815504E9EE82}.Debug|Any CPU.Build.0 = Debug|Any CPU
		{AD8E5048-000C-4946-8368-815504E9EE82}.Release|Any CPU.ActiveCfg = Release|Any CPU
		{AD8E5048-000C-4946-8368-815504E9EE82}.Release|Any CPU.Build.0 = Release|Any CPU
	EndGlobalSection
	GlobalSection(SolutionProperties) = preSolution
		HideSolutionNode = FALSE
	EndGlobalSection
	GlobalSection(ExtensibilityGlobals) = postSolution
		SolutionGuid = {A0DFD148-D72A-4075-A895-A56519D6A99F}
	EndGlobalSection
EndGlobal
